{
    "_meta": {
        "hash": {
            "sha256": "57f7743e9922e1c6e99230eb8175fcb5f7e3082823fe02b0ad4d43f7fc4a4fa6"
        },
        "pipfile-spec": 6,
        "requires": {
            "python_version": "3.6"
        },
        "sources": [
            {
                "name": "pypi",
                "url": "https://pypi.python.org/simple",
                "verify_ssl": true
            }
        ]
    },
    "default": {
        "cx-freeze": {
            "hashes": [
                "sha256:076a75a23bea1566314e35d22491adc948352d7e9d5d9bfc4c4f5d11305cc6ff",
                "sha256:19ef088481c55cd90c8d1c0a1c771dcd0f9583cba81443de0f1f3fa18a4d84f0",
                "sha256:2cda34f73052c18489e97d563e67d08762cc0ba8114e0ecac08124f9c252c69f",
                "sha256:2eadddde670f5c5f6cf88638a0ac4e5d5fe181292a31063275fa56c7bf22426b",
                "sha256:8b1ed8f04bd761c0c8a8864485c50201e952e746925d7f1ab614dd69045a509b",
                "sha256:9aee968da6f4c765237d912b4690ea801b96909f00442298646736ca1e4a3fa3",
                "sha256:fb8c12f5814c1ce6383b86617ca6b2b83a169f9251f4e308e4f8d94b0c703f59"
            ],
            "index": "pypi",
            "version": "==5.1.1"
        },
        "pycryptodome": {
            "hashes": [
                "sha256:15ced95a00b55bb2fc22f3dddde1c8d6f270089f35c3af0e07306bc2ba1e1c4e",
                "sha256:18d8dfe31bf0cb53d58694903e526be68f3cf48e6e3c6dfbbc1e7042b1693af7",
                "sha256:2174fa555916b5ae8bcc7747ecfe2a4d5943b42c9dcf4878e269baaae264e85d",
                "sha256:6f64d8b63034fd9289bae4cb48aa8f7049f6b8db702c7af50cb3718821d28147",
                "sha256:8440a35ccd52f0eab0f4ece284bd13a587d86d79bd404d8914f81eda74a66de1",
                "sha256:8851b1e1d85e4fb981048c8a8a8431839103f43ea3c35f1b46bae2e41699f439",
                "sha256:9fc97cd0f6eeec59af736b3df81e5811d836fa646b89a4325672dcaf997250b3",
                "sha256:a9e3e3e9ab0241b0303206656a74d5cd6bd00fcad6f9ffd0ba6b8e35072f74d7",
                "sha256:ec560e62258358afd7a1a3d34c8860fdf478e28c0999173f2d5c618fd2fd60d3",
                "sha256:f0196124f83221f9c5e06a68e247019466395d35d92d4ce4482c835f75302851",
                "sha256:f7befe2249df41e012a3d8079ab3c7089be21969591eb77b21767fa24557a7b7"
            ],
            "index": "pypi",
            "version": "==3.4.7"
        },
        "pyperclip": {
            "hashes": [
                "sha256:ce829433a9af640e08ee89b20f7c62132714bcc5d77df114044d0fccb8c3b3b8"
            ],
            "index": "pypi",
            "version": "==1.6.0"
        },
        "pyqt5": {
            "hashes": [
                "sha256:1abd07467539f26e2e08e26cf27f3513d02c20d038f5ba2e860b5e158cf2f8b1",
                "sha256:53cdaf2e27945c4828c5c346410208a68017ddb7d333e7885b9087ddb02e7de0",
                "sha256:5dab7244b6932606490b47a0692e03d7b72d89f7d3dfa3d147a8b34d6af72451",
                "sha256:c83b5dabf950e47d0ea3f324a80640d25ae4d0ed90013a45f824498b2110ff84"
            ],
            "index": "pypi",
            "version": "==5.9.2"
        },
        "sip": {
            "hashes": [
                "sha256:09f9a4e6c28afd0bafedb26ffba43375b97fe7207bd1a0d3513f79b7d168b331",
                "sha256:105edaaa1c8aa486662226360bd3999b4b89dd56de3e314d82b83ed0587d8783",
                "sha256:1bb10aac55bd5ab0e2ee74b3047aa2016cfa7932077c73f602a6f6541af8cd51",
                "sha256:265ddf69235dd70571b7d4da20849303b436192e875ce7226be7144ca702a45c",
                "sha256:52074f7cb5488e8b75b52f34ec2230bc75d22986c7fe5cd3f2d266c23f3349a7",
                "sha256:5ff887a33839de8fc77d7f69aed0259b67a384dc91a1dc7588e328b0b980bde2",
                "sha256:74da4ddd20c5b35c19cda753ce1e8e1f71616931391caeac2de7a1715945c679",
                "sha256:7d69e9cf4f8253a3c0dfc5ba6bb9ac8087b8239851f22998e98cb35cfe497b68",
                "sha256:97bb93ee0ef01ba90f57be2b606e08002660affd5bc380776dd8b0fcaa9e093a",
                "sha256:cf98150a99e43fda7ae22abe655b6f202e491d6291486548daa56cb15a2fcf85",
                "sha256:d9023422127b94d11c1a84bfa94933e959c484f2c79553c1ef23c69fe00d25f8",
                "sha256:e72955e12f4fccf27aa421be383453d697b8a44bde2cc26b08d876fd492d0174"
            ],
            "version": "==4.19.8"
        }
    },
    "develop": {}
}
